<?xml version="1.0" encoding="utf-8"?>
<Project ToolsVersion="4.0" xmlns="http://schemas.microsoft.com/developer/msbuild/2003">
  <ItemGroup>
    <Filter Include="Source Files">
      <UniqueIdentifier>{4FC737F1-C7A5-4376-A066-2A32D752A2FF}</UniqueIdentifier>
      <Extensions>cpp;c;cc;cxx;c++;cppm;ixx;def;odl;idl;hpj;bat;asm;asmx</Extensions>
    </Filter>
    <Filter Include="Header Files">
      <UniqueIdentifier>{93995380-89BD-4b04-88EB-625FBE52EBFB}</UniqueIdentifier>
      <Extensions>h;hh;hpp;hxx;h++;hm;inl;inc;ipp;xsd</Extensions>
    </Filter>
    <Filter Include="Resource Files">
      <UniqueIdentifier>{67DA6AB6-F800-4c08-8B7A-83BB121AAD01}</UniqueIdentifier>
      <Extensions>rc;ico;cur;bmp;dlg;rc2;rct;bin;rgs;gif;jpg;jpeg;jpe;resx;tiff;tif;png;wav;mfcribbon-ms</Extensions>
    </Filter>
  </ItemGroup>
  <ItemGroup>
    <ClInclude Include="framework.h">
      <Filter>Header Files</Filter>
    </ClInclude>
    <ClInclude Include="pch.h">
      <Filter>Header Files</Filter>
    </ClInclude>
    <ClInclude Include="RMT_rank.h">
      <Filter>Header Files</Filter>
    </ClInclude>
    <ClInclude Include="VoxelFeatureMatrix.h">
      <Filter>Header Files</Filter>
    </ClInclude>
    <ClInclude Include="VoxelFeatureMatrixBuilder.h">
      <Filter>Header Files</Filter>
    </ClInclude>
    <ClInclude Include="PcaLibExport.h">
      <Filter>Header Files</Filter>
    </ClInclude>
    <ClInclude Include="VoxelFeatureMatrixImpl.h">
      <Filter>Header Files</Filter>
    </ClInclude>
    <ClInclude Include="VoxelFeatureMatrixIon.h">
      <Filter>Header Files</Filter>
    </ClInclude>
    <ClInclude Include="PrincipalComponentAnalysis.h">
      <Filter>Header Files</Filter>
    </ClInclude>
    <ClInclude Include="VoxelFeatureMatrixFrom3DGridBuilder.h">
      <Filter>Header Files</Filter>
    </ClInclude>
    <ClInclude Include="kmeans.h">
      <Filter>Header Files</Filter>
    </ClInclude>
    <ClInclude Include="utilities.h">
      <Filter>Header Files</Filter>
    </ClInclude>
    <ClInclude Include="blas_wrapper.h">
      <Filter>Header Files</Filter>
    </ClInclude>
    <ClInclude Include="Progress.h">
      <Filter>Header Files</Filter>
    </ClInclude>
    <ClInclude Include="ClustererKMeans.h">
      <Filter>Header Files</Filter>
    </ClInclude>
    <ClInclude Include="MultinomialMixtureModel.h">
      <Filter>Header Files</Filter>
    </ClInclude>
    <ClInclude Include="ClusterData.h">
      <Filter>Header Files</Filter>
    </ClInclude>
    <ClInclude Include="multinomialMM.h">
      <Filter>Header Files</Filter>
    </ClInclude>
    <ClInclude Include="NegMultinomialMixtureModel.h">
      <Filter>Header Files</Filter>
    </ClInclude>
    <ClInclude Include="negmultinomialMM.h">
      <Filter>Header Files</Filter>
    </ClInclude>
  </ItemGroup>
  <ItemGroup>
    <ClCompile Include="pch.cpp">
      <Filter>Source Files</Filter>
    </ClCompile>
    <ClCompile Include="RMT_rank.cpp">
      <Filter>Source Files</Filter>
    </ClCompile>
    <ClCompile Include="VoxelFeatureMatrix.cpp">
      <Filter>Source Files</Filter>
    </ClCompile>
    <ClCompile Include="VoxelFeatureMatrixBuilder.cpp">
      <Filter>Source Files</Filter>
    </ClCompile>
    <ClCompile Include="VoxelFeatureMatrixImpl.cpp">
      <Filter>Source Files</Filter>
    </ClCompile>
    <ClCompile Include="PrincipalComponentAnalysis.cpp">
      <Filter>Source Files</Filter>
    </ClCompile>
    <ClCompile Include="VoxelFeatureMatrixFrom3DGridBuilder.cpp">
      <Filter>Source Files</Filter>
    </ClCompile>
    <ClCompile Include="ClustererKMeans.cpp">
      <Filter>Source Files</Filter>
    </ClCompile>
    <ClCompile Include="MultinomialMixtureModel.cpp">
      <Filter>Source Files</Filter>
    </ClCompile>
    <ClCompile Include="NegMultinomialMixtureModel.cpp">
      <Filter>Source Files</Filter>
    </ClCompile>
  </ItemGroup>
  <ItemGroup>
    <None Include="packages.config" />
  </ItemGroup>
</Project>